
Microsoft Visual Studio Solution File, Format Version 12.00
# Visual Studio Version 17
VisualStudioVersion = 17.12.35707.178 d17.12
MinimumVisualStudioVersion = 10.0.40219.1
Project("{FAE04EC0-301F-11D3-BF4B-00C04F79EFBC}") = "PL", "WebApplication2\PL.csproj", "{B9E2DAFB-7E24-460A-96C9-33F638315A54}"
EndProject
Project("{FAE04EC0-301F-11D3-BF4B-00C04F79EFBC}") = "accesslayaer", "accesslayaer\accesslayaer.csproj", "{539FE5AE-F01D-4BAA-9AA5-5FD5833DE6F7}"
EndProject
Project("{FAE04EC0-301F-11D3-BF4B-00C04F79EFBC}") = "Bussiness Logic Layer", "Bussiness Logic Layer\Bussiness Logic Layer.csproj", "{C37B5C02-9E28-45B3-869A-34DF51F190CA}"
EndProject
Project("{2150E333-8FDC-42A3-9474-1A3956D46DE8}") = "NewFolder1", "NewFolder1", "{246C06A8-7F7A-42B4-8353-E40C2D47D123}"
EndProject
Global
	GlobalSection(SolutionConfigurationPlatforms) = preSolution
		Debug|Any CPU = Debug|Any CPU
		Release|Any CPU = Release|Any CPU
	EndGlobalSection
	GlobalSection(ProjectConfigurationPlatforms) = postSolution
		{B9E2DAFB-7E24-460A-96C9-33F638315A54}.Debug|Any CPU.ActiveCfg = Debug|Any CPU
		{B9E2DAFB-7E24-460A-96C9-33F638315A54}.Debug|Any CPU.Build.0 = Debug|Any CPU
		{B9E2DAFB-7E24-460A-96C9-33F638315A54}.Release|Any CPU.ActiveCfg = Release|Any CPU
		{B9E2DAFB-7E24-460A-96C9-33F638315A54}.Release|Any CPU.Build.0 = Release|Any CPU
		{539FE5AE-F01D-4BAA-9AA5-5FD5833DE6F7}.Debug|Any CPU.ActiveCfg = Debug|Any CPU
		{539FE5AE-F01D-4BAA-9AA5-5FD5833DE6F7}.Debug|Any CPU.Build.0 = Debug|Any CPU
		{539FE5AE-F01D-4BAA-9AA5-5FD5833DE6F7}.Release|Any CPU.ActiveCfg = Release|Any CPU
		{539FE5AE-F01D-4BAA-9AA5-5FD5833DE6F7}.Release|Any CPU.Build.0 = Release|Any CPU
		{C37B5C02-9E28-45B3-869A-34DF51F190CA}.Debug|Any CPU.ActiveCfg = Debug|Any CPU
		{C37B5C02-9E28-45B3-869A-34DF51F190CA}.Debug|Any CPU.Build.0 = Debug|Any CPU
		{C37B5C02-9E28-45B3-869A-34DF51F190CA}.Release|Any CPU.ActiveCfg = Release|Any CPU
		{C37B5C02-9E28-45B3-869A-34DF51F190CA}.Release|Any CPU.Build.0 = Release|Any CPU
	EndGlobalSection
	GlobalSection(SolutionProperties) = preSolution
		HideSolutionNode = FALSE
	EndGlobalSection
EndGlobal
